
Microsoft Visual Studio Solution File, Format Version 12.00
# Visual Studio 2013
VisualStudioVersion = 12.0.21005.1
MinimumVisualStudioVersion = 10.0.40219.1
Project("{FAE04EC0-301F-11D3-BF4B-00C04F79EFBC}") = "LoginCol.Huellitas.Entidades", "LoginCol.Huellitas.Entidades\LoginCol.Huellitas.Entidades.csproj", "{71034D3D-6778-4C4D-8BE5-6C38EFB119C0}"
EndProject
Project("{FAE04EC0-301F-11D3-BF4B-00C04F79EFBC}") = "LoginCol.Huellitas.Datos", "LoginCol.Huellitas.Datos\LoginCol.Huellitas.Datos.csproj", "{1B71B924-AA63-423A-8C7A-8C8EED15EDB7}"
EndProject
Project("{FAE04EC0-301F-11D3-BF4B-00C04F79EFBC}") = "LoginCol.Huellitas.Datos.Pruebas", "LoginCol.Huellitas.Datos.Pruebas\LoginCol.Huellitas.Datos.Pruebas.csproj", "{B1898DC1-1730-46B6-A7DA-EC6E1B6E5E8C}"
EndProject
Project("{FAE04EC0-301F-11D3-BF4B-00C04F79EFBC}") = "LoginCol.Huellitas.Web", "LoginCol.Huellitas.Web\LoginCol.Huellitas.Web.csproj", "{0D56AAFE-03DF-43D5-B92B-4F5A6A6ED6E0}"
EndProject
Global
	GlobalSection(SolutionConfigurationPlatforms) = preSolution
		Debug|Any CPU = Debug|Any CPU
		Release|Any CPU = Release|Any CPU
	EndGlobalSection
	GlobalSection(ProjectConfigurationPlatforms) = postSolution
		{71034D3D-6778-4C4D-8BE5-6C38EFB119C0}.Debug|Any CPU.ActiveCfg = Debug|Any CPU
		{71034D3D-6778-4C4D-8BE5-6C38EFB119C0}.Debug|Any CPU.Build.0 = Debug|Any CPU
		{71034D3D-6778-4C4D-8BE5-6C38EFB119C0}.Release|Any CPU.ActiveCfg = Release|Any CPU
		{71034D3D-6778-4C4D-8BE5-6C38EFB119C0}.Release|Any CPU.Build.0 = Release|Any CPU
		{1B71B924-AA63-423A-8C7A-8C8EED15EDB7}.Debug|Any CPU.ActiveCfg = Debug|Any CPU
		{1B71B924-AA63-423A-8C7A-8C8EED15EDB7}.Debug|Any CPU.Build.0 = Debug|Any CPU
		{1B71B924-AA63-423A-8C7A-8C8EED15EDB7}.Release|Any CPU.ActiveCfg = Release|Any CPU
		{1B71B924-AA63-423A-8C7A-8C8EED15EDB7}.Release|Any CPU.Build.0 = Release|Any CPU
		{B1898DC1-1730-46B6-A7DA-EC6E1B6E5E8C}.Debug|Any CPU.ActiveCfg = Debug|Any CPU
		{B1898DC1-1730-46B6-A7DA-EC6E1B6E5E8C}.Debug|Any CPU.Build.0 = Debug|Any CPU
		{B1898DC1-1730-46B6-A7DA-EC6E1B6E5E8C}.Release|Any CPU.ActiveCfg = Release|Any CPU
		{B1898DC1-1730-46B6-A7DA-EC6E1B6E5E8C}.Release|Any CPU.Build.0 = Release|Any CPU
		{0D56AAFE-03DF-43D5-B92B-4F5A6A6ED6E0}.Debug|Any CPU.ActiveCfg = Debug|Any CPU
		{0D56AAFE-03DF-43D5-B92B-4F5A6A6ED6E0}.Debug|Any CPU.Build.0 = Debug|Any CPU
		{0D56AAFE-03DF-43D5-B92B-4F5A6A6ED6E0}.Release|Any CPU.ActiveCfg = Release|Any CPU
		{0D56AAFE-03DF-43D5-B92B-4F5A6A6ED6E0}.Release|Any CPU.Build.0 = Release|Any CPU
	EndGlobalSection
	GlobalSection(SolutionProperties) = preSolution
		HideSolutionNode = FALSE
	EndGlobalSection
EndGlobal
